[[package]]
category = "dev"
description = "A small Python module for determining appropriate platform-specific dirs, e.g. a \"user data dir\"."
marker = "python_version >= \"3.6\" and python_version < \"4.0\""
name = "appdirs"
optional = false
python-versions = "*"
version = "1.4.3"

[[package]]
category = "dev"
description = "Atomic file writes."
name = "atomicwrites"
optional = false
python-versions = ">=2.7, !=3.0.*, !=3.1.*, !=3.2.*, !=3.3.*"
version = "1.3.0"

[[package]]
category = "dev"
description = "Classes Without Boilerplate"
name = "attrs"
optional = false
python-versions = ">=2.7, !=3.0.*, !=3.1.*, !=3.2.*, !=3.3.*"
version = "19.3.0"

[package.extras]
azure-pipelines = ["coverage", "hypothesis", "pympler", "pytest (>=4.3.0)", "six", "zope.interface", "pytest-azurepipelines"]
dev = ["coverage", "hypothesis", "pympler", "pytest (>=4.3.0)", "six", "zope.interface", "sphinx", "pre-commit"]
docs = ["sphinx", "zope.interface"]
tests = ["coverage", "hypothesis", "pympler", "pytest (>=4.3.0)", "six", "zope.interface"]

[[package]]
category = "dev"
description = "A screamingly fast Python 2 + 3 WSGI server written in C."
name = "bjoern"
optional = false
python-versions = "*"
version = "3.1.0"

[[package]]
category = "dev"
description = "The uncompromising code formatter."
marker = "python_version >= \"3.6\" and python_version < \"4.0\""
name = "black"
optional = false
python-versions = ">=3.6"
version = "19.10b0"

[package.dependencies]
appdirs = "*"
attrs = ">=18.1.0"
click = ">=6.5"
pathspec = ">=0.6,<1"
regex = "*"
toml = ">=0.9.4"
typed-ast = ">=1.4.0"

[package.extras]
d = ["aiohttp (>=3.3.2)", "aiohttp-cors"]

[[package]]
category = "dev"
description = "Composable command line interface toolkit"
marker = "python_version >= \"3.6\" and python_version < \"4.0\""
name = "click"
optional = false
python-versions = ">=2.7, !=3.0.*, !=3.1.*, !=3.2.*, !=3.3.*"
version = "7.0"

[[package]]
category = "dev"
description = "Cross-platform colored terminal text."
marker = "sys_platform == \"win32\""
name = "colorama"
optional = false
python-versions = ">=2.7, !=3.0.*, !=3.1.*, !=3.2.*, !=3.3.*, !=3.4.*"
version = "0.4.3"

[[package]]
category = "dev"
description = "Code coverage measurement for Python"
name = "coverage"
optional = false
python-versions = ">=2.7, !=3.0.*, !=3.1.*, !=3.2.*, !=3.3.*, !=3.4.*, <4"
version = "5.0"

[package.extras]
toml = ["toml"]

[[package]]
category = "dev"
description = "Read metadata from Python packages"
marker = "python_version < \"3.8\""
name = "importlib-metadata"
optional = false
python-versions = "!=3.0.*,!=3.1.*,!=3.2.*,!=3.3.*,!=3.4.*,>=2.7"
version = "1.3.0"

[package.dependencies]
zipp = ">=0.5"

[package.extras]
docs = ["sphinx", "rst.linker"]
testing = ["packaging", "importlib-resources"]

[[package]]
category = "dev"
description = "More routines for operating on iterables, beyond itertools"
marker = "python_version < \"3.8\" or python_version > \"2.7\""
name = "more-itertools"
optional = false
python-versions = ">=3.5"
version = "8.0.2"

[[package]]
category = "dev"
description = "Optional static typing for Python"
name = "mypy"
optional = false
python-versions = ">=3.5"
version = "0.730"

[package.dependencies]
mypy-extensions = ">=0.4.0,<0.5.0"
typed-ast = ">=1.4.0,<1.5.0"
typing-extensions = ">=3.7.4"

[package.extras]
dmypy = ["psutil (>=4.0)"]

[[package]]
category = "dev"
description = "Experimental type system extensions for programs checked with the mypy typechecker."
name = "mypy-extensions"
optional = false
python-versions = "*"
version = "0.4.3"

[[package]]
category = "dev"
description = "Core utilities for Python packages"
name = "packaging"
optional = false
python-versions = ">=2.7, !=3.0.*, !=3.1.*, !=3.2.*, !=3.3.*"
version = "19.2"

[package.dependencies]
pyparsing = ">=2.0.2"
six = "*"

[[package]]
category = "dev"
description = "Utility library for gitignore style pattern matching of file paths."
marker = "python_version >= \"3.6\" and python_version < \"4.0\""
name = "pathspec"
optional = false
python-versions = ">=2.7, !=3.0.*, !=3.1.*, !=3.2.*, !=3.3.*"
version = "0.6.0"

[[package]]
category = "dev"
description = "plugin and hook calling mechanisms for python"
name = "pluggy"
optional = false
python-versions = ">=2.7, !=3.0.*, !=3.1.*, !=3.2.*, !=3.3.*"
version = "0.13.1"

[package.dependencies]
[package.dependencies.importlib-metadata]
python = "<3.8"
version = ">=0.12"

[package.extras]
dev = ["pre-commit", "tox"]

[[package]]
category = "dev"
description = "library with cross-python path, ini-parsing, io, code, log facilities"
name = "py"
optional = false
python-versions = ">=2.7, !=3.0.*, !=3.1.*, !=3.2.*, !=3.3.*"
version = "1.8.0"

[[package]]
category = "dev"
description = "Python parsing module"
name = "pyparsing"
optional = false
python-versions = ">=2.6, !=3.0.*, !=3.1.*, !=3.2.*"
version = "2.4.5"

[[package]]
category = "dev"
description = "pytest: simple powerful testing with Python"
name = "pytest"
optional = false
python-versions = "!=3.0.*,!=3.1.*,!=3.2.*,!=3.3.*,>=2.7"
version = "4.6.7"

[package.dependencies]
atomicwrites = ">=1.0"
attrs = ">=17.4.0"
colorama = "*"
packaging = "*"
pluggy = ">=0.12,<1.0"
py = ">=1.5.0"
six = ">=1.10.0"
wcwidth = "*"

[package.dependencies.importlib-metadata]
python = "<3.8"
version = ">=0.12"

[package.dependencies.more-itertools]
python = ">=2.8"
version = ">=4.0.0"

[package.extras]
testing = ["argcomplete", "hypothesis (>=3.56)", "nose", "requests", "mock"]

[[package]]
category = "dev"
description = "Pytest plugin for measuring coverage."
name = "pytest-cov"
optional = false
python-versions = ">=2.7, !=3.0.*, !=3.1.*, !=3.2.*, !=3.3.*"
version = "2.8.1"

[package.dependencies]
coverage = ">=4.4"
pytest = ">=3.6"

[package.extras]
testing = ["fields", "hunter", "process-tests (2.0.2)", "six", "virtualenv"]

[[package]]
category = "dev"
description = "Thin-wrapper around the mock package for easier use with py.test"
name = "pytest-mock"
optional = false
python-versions = ">=2.7, !=3.0.*, !=3.1.*, !=3.2.*, !=3.3.*"
version = "1.13.0"

[package.dependencies]
pytest = ">=2.7"

[package.extras]
dev = ["pre-commit", "tox"]

[[package]]
category = "dev"
description = "Alternative regular expression module, to replace re."
marker = "python_version >= \"3.6\" and python_version < \"4.0\""
name = "regex"
optional = false
python-versions = "*"
version = "2019.12.19"

[[package]]
category = "dev"
description = "Python 2 and 3 compatibility utilities"
name = "six"
optional = false
python-versions = ">=2.6, !=3.0.*, !=3.1.*"
version = "1.13.0"

[[package]]
category = "dev"
description = "Python Library for Tom's Obvious, Minimal Language"
marker = "python_version >= \"3.6\" and python_version < \"4.0\""
name = "toml"
optional = false
python-versions = "*"
version = "0.10.0"

[[package]]
category = "dev"
description = "a fork of Python 2 and 3 ast modules with type comment support"
name = "typed-ast"
optional = false
python-versions = "*"
version = "1.4.0"

[[package]]
category = "main"
description = "Backported and Experimental Type Hints for Python 3.5+"
name = "typing-extensions"
optional = false
python-versions = "*"
version = "3.7.4.1"

[[package]]
category = "dev"
description = "Measures number of Terminal column cells of wide-character codes"
name = "wcwidth"
optional = false
python-versions = "*"
version = "0.1.7"

[[package]]
category = "dev"
description = "Backport of pathlib-compatible object wrapper for zip files"
marker = "python_version < \"3.8\""
name = "zipp"
optional = false
python-versions = ">=2.7"
version = "0.6.0"

[package.dependencies]
more-itertools = "*"

[package.extras]
docs = ["sphinx", "jaraco.packaging (>=3.2)", "rst.linker (>=1.9)"]
testing = ["pathlib2", "contextlib2", "unittest2"]

[metadata]
content-hash = "fd77aa64da031bde93f074e9072cbd7cbbbb6f803a5853c00399c7b639fc35cb"
python-versions = "^3.7"

[metadata.files]
appdirs = [
    {file = "appdirs-1.4.3-py2.py3-none-any.whl", hash = "sha256:d8b24664561d0d34ddfaec54636d502d7cea6e29c3eaf68f3df6180863e2166e"},
    {file = "appdirs-1.4.3.tar.gz", hash = "sha256:9e5896d1372858f8dd3344faf4e5014d21849c756c8d5701f78f8a103b372d92"},
]
atomicwrites = [
    {file = "atomicwrites-1.3.0-py2.py3-none-any.whl", hash = "sha256:03472c30eb2c5d1ba9227e4c2ca66ab8287fbfbbda3888aa93dc2e28fc6811b4"},
    {file = "atomicwrites-1.3.0.tar.gz", hash = "sha256:75a9445bac02d8d058d5e1fe689654ba5a6556a1dfd8ce6ec55a0ed79866cfa6"},
]
attrs = [
    {file = "attrs-19.3.0-py2.py3-none-any.whl", hash = "sha256:08a96c641c3a74e44eb59afb61a24f2cb9f4d7188748e76ba4bb5edfa3cb7d1c"},
    {file = "attrs-19.3.0.tar.gz", hash = "sha256:f7b7ce16570fe9965acd6d30101a28f62fb4a7f9e926b3bbc9b61f8b04247e72"},
]
bjoern = [
    {file = "bjoern-3.1.0.tar.gz", hash = "sha256:01f3b601cf0ab0a9c7cb9c8f944ab7c738baaa6043ca82db20e9bd7a9be5767b"},
]
black = [
    {file = "black-19.10b0-py36-none-any.whl", hash = "sha256:1b30e59be925fafc1ee4565e5e08abef6b03fe455102883820fe5ee2e4734e0b"},
    {file = "black-19.10b0.tar.gz", hash = "sha256:c2edb73a08e9e0e6f65a0e6af18b059b8b1cdd5bef997d7a0b181df93dc81539"},
]
click = [
    {file = "Click-7.0-py2.py3-none-any.whl", hash = "sha256:2335065e6395b9e67ca716de5f7526736bfa6ceead690adf616d925bdc622b13"},
    {file = "Click-7.0.tar.gz", hash = "sha256:5b94b49521f6456670fdb30cd82a4eca9412788a93fa6dd6df72c94d5a8ff2d7"},
]
colorama = [
    {file = "colorama-0.4.3-py2.py3-none-any.whl", hash = "sha256:7d73d2a99753107a36ac6b455ee49046802e59d9d076ef8e47b61499fa29afff"},
    {file = "colorama-0.4.3.tar.gz", hash = "sha256:e96da0d330793e2cb9485e9ddfd918d456036c7149416295932478192f4436a1"},
]
coverage = [
    {file = "coverage-5.0-cp27-cp27m-macosx_10_12_x86_64.whl", hash = "sha256:9c871b006c878a890c6e44a5b2f3c6291335324b298c904dc0402ee92ee1f0be"},
    {file = "coverage-5.0-cp27-cp27m-macosx_10_13_intel.whl", hash = "sha256:e5a675f6829c53c87d79117a8eb656cc4a5f8918185a32fc93ba09778e90f6db"},
    {file = "coverage-5.0-cp27-cp27m-manylinux1_i686.whl", hash = "sha256:81326f1095c53111f8afc95da281e1414185f4a538609a77ca50bdfa39a6c207"},
    {file = "coverage-5.0-cp27-cp27m-manylinux1_x86_64.whl", hash = "sha256:8873dc0d8f42142ea9f20c27bbdc485190fff93823c6795be661703369e5877d"},
    {file = "coverage-5.0-cp27-cp27m-win32.whl", hash = "sha256:44b783b02db03c4777d8cf71bae19eadc171a6f2a96777d916b2c30a1eb3d070"},
    {file = "coverage-5.0-cp27-cp27m-win_amd64.whl", hash = "sha256:d52c1c2d7e856cecc05aa0526453cb14574f821b7f413cc279b9514750d795c1"},
    {file = "coverage-5.0-cp27-cp27mu-manylinux1_i686.whl", hash = "sha256:ba259f68250f16d2444cbbfaddaa0bb20e1560a4fdaad50bece25c199e6af864"},
    {file = "coverage-5.0-cp27-cp27mu-manylinux1_x86_64.whl", hash = "sha256:475bf7c4252af0a56e1abba9606f1e54127cdf122063095c75ab04f6f99cf45e"},
    {file = "coverage-5.0-cp35-cp35m-macosx_10_12_x86_64.whl", hash = "sha256:91f2491aeab9599956c45a77c5666d323efdec790bfe23fcceafcd91105d585a"},
    {file = "coverage-5.0-cp35-cp35m-manylinux1_i686.whl", hash = "sha256:979daa8655ae5a51e8e7a24e7d34e250ae8309fd9719490df92cbb2fe2b0422b"},
    {file = "coverage-5.0-cp35-cp35m-manylinux1_x86_64.whl", hash = "sha256:1a4b6b6a2a3a6612e6361130c2cc3dc4378d8c221752b96167ccbad94b47f3cd"},
    {file = "coverage-5.0-cp35-cp35m-win32.whl", hash = "sha256:56b13000acf891f700f5067512b804d1ec8c301d627486c678b903859d07f798"},
    {file = "coverage-5.0-cp35-cp35m-win_amd64.whl", hash = "sha256:81042a24f67b96e4287774014fa27220d8a4d91af1043389e4d73892efc89ac6"},
    {file = "coverage-5.0-cp36-cp36m-macosx_10_13_x86_64.whl", hash = "sha256:fec32646b98baf4a22fdceb08703965bd16dea09051fbeb31a04b5b6e72b846c"},
    {file = "coverage-5.0-cp36-cp36m-manylinux1_i686.whl", hash = "sha256:7fe3e2fde2bf1d7ce25ebcd2d3de3650b8d60d9a73ce6dcef36e20191291613d"},
    {file = "coverage-5.0-cp36-cp36m-manylinux1_x86_64.whl", hash = "sha256:be1d89614c6b6c36d7578496dc8625123bda2ff44f224cf8b1c45b810ee7383f"},
    {file = "coverage-5.0-cp36-cp36m-win32.whl", hash = "sha256:47c81ee687eafc2f1db7f03fbe99aab81330565ebc62fb3b61edfc2216a550c8"},
    {file = "coverage-5.0-cp36-cp36m-win_amd64.whl", hash = "sha256:3be5338a2eb4ef03c57f20917e1d12a1fd10e3853fed060b6d6b677cb3745898"},
    {file = "coverage-5.0-cp37-cp37m-macosx_10_13_x86_64.whl", hash = "sha256:79388ae29c896299b3567965dbcd93255f175c17c6c7bca38614d12718c47466"},
    {file = "coverage-5.0-cp37-cp37m-manylinux1_i686.whl", hash = "sha256:4a7f8e72b18f2aca288ff02255ce32cc830bc04d993efbc87abf6beddc9e56c0"},
    {file = "coverage-5.0-cp37-cp37m-manylinux1_x86_64.whl", hash = "sha256:d609a6d564ad3d327e9509846c2c47f170456344521462b469e5cb39e48ba31c"},
    {file = "coverage-5.0-cp37-cp37m-win32.whl", hash = "sha256:50197163a22fd17f79086e087a787883b3ec9280a509807daf158dfc2a7ded02"},
    {file = "coverage-5.0-cp37-cp37m-win_amd64.whl", hash = "sha256:b5ed7837b923d1d71c4f587ae1539ccd96bfd6be9788f507dbe94dab5febbb5d"},
    {file = "coverage-5.0-cp38-cp38-macosx_10_13_x86_64.whl", hash = "sha256:c95bb147fab76f2ecde332d972d8f4138b8f2daee6c466af4ff3b4f29bd4c19e"},
    {file = "coverage-5.0-cp38-cp38-manylinux1_i686.whl", hash = "sha256:0cd13a6e98c37b510a2d34c8281d5e1a226aaf9b65b7d770ef03c63169965351"},
    {file = "coverage-5.0-cp38-cp38-manylinux1_x86_64.whl", hash = "sha256:88d2cbcb0a112f47eef71eb95460b6995da18e6f8ca50c264585abc2c473154b"},
    {file = "coverage-5.0-cp38-cp38m-win32.whl", hash = "sha256:2ee55e6dba516ddf6f484aa83ccabbb0adf45a18892204c23486938d12258cde"},
    {file = "coverage-5.0-cp38-cp38m-win_amd64.whl", hash = "sha256:a6d092545e5af53e960465f652e00efbf5357adad177b2630d63978d85e46a72"},
    {file = "coverage-5.0-cp39-cp39m-win32.whl", hash = "sha256:79fd5d3d62238c4f583b75d48d53cdae759fe04d4fb18fe8b371d88ad2b6f8be"},
    {file = "coverage-5.0-cp39-cp39m-win_amd64.whl", hash = "sha256:c1b030a79749aa8d1f1486885040114ee56933b15ccfc90049ba266e4aa2139f"},
    {file = "coverage-5.0.tar.gz", hash = "sha256:e1bad043c12fb58e8c7d92b3d7f2f49977dcb80a08a6d1e7a5114a11bf819fca"},
]
importlib-metadata = [
    {file = "importlib_metadata-1.3.0-py2.py3-none-any.whl", hash = "sha256:d95141fbfa7ef2ec65cfd945e2af7e5a6ddbd7c8d9a25e66ff3be8e3daf9f60f"},
    {file = "importlib_metadata-1.3.0.tar.gz", hash = "sha256:073a852570f92da5f744a3472af1b61e28e9f78ccf0c9117658dc32b15de7b45"},
]
more-itertools = [
    {file = "more-itertools-8.0.2.tar.gz", hash = "sha256:b84b238cce0d9adad5ed87e745778d20a3f8487d0f0cb8b8a586816c7496458d"},
    {file = "more_itertools-8.0.2-py3-none-any.whl", hash = "sha256:c833ef592a0324bcc6a60e48440da07645063c453880c9477ceb22490aec1564"},
]
mypy = [
    {file = "mypy-0.730-cp35-cp35m-macosx_10_6_x86_64.macosx_10_9_intel.macosx_10_9_x86_64.macosx_10_10_intel.macosx_10_10_x86_64.whl", hash = "sha256:4b2b20106973548975f0c0b1112eceb4d77ed0cafe0a231a1318f3b3a22fc795"},
    {file = "mypy-0.730-cp35-cp35m-manylinux1_x86_64.whl", hash = "sha256:1d98fd818ad3128a5408148c9e4a5edce6ed6b58cc314283e631dd5d9216527b"},
    {file = "mypy-0.730-cp35-cp35m-win_amd64.whl", hash = "sha256:84edda1ffeda0941b2ab38ecf49302326df79947fa33d98cdcfbf8ca9cf0bb23"},
    {file = "mypy-0.730-cp36-cp36m-macosx_10_6_x86_64.macosx_10_9_intel.macosx_10_9_x86_64.macosx_10_10_intel.macosx_10_10_x86_64.whl", hash = "sha256:b2b83d29babd61b876ae375786960a5374bba0e4aba3c293328ca6ca5dc448dd"},
    {file = "mypy-0.730-cp36-cp36m-manylinux1_x86_64.whl", hash = "sha256:3a24f80776edc706ec8d05329e854d5b9e464cd332e25cde10c8da2da0a0db6c"},
    {file = "mypy-0.730-cp36-cp36m-win_amd64.whl", hash = "sha256:cc4502f84c37223a1a5ab700649b5ab1b5e4d2bf2d426907161f20672a21930b"},
    {file = "mypy-0.730-cp37-cp37m-macosx_10_6_x86_64.macosx_10_9_intel.macosx_10_9_x86_64.macosx_10_10_intel.macosx_10_10_x86_64.whl", hash = "sha256:591a9625b4d285f3ba69f541c84c0ad9e7bffa7794da3fa0585ef13cf95cb021"},
    {file = "mypy-0.730-cp37-cp37m-manylinux1_x86_64.whl", hash = "sha256:22ee018e8fc212fe601aba65d3699689dd29a26410ef0d2cc1943de7bec7e3ac"},
    {file = "mypy-0.730-cp37-cp37m-win_amd64.whl", hash = "sha256:5b4b70da3d8bae73b908a90bb2c387b977e59d484d22c604a2131f6f4397c1a3"},
    {file = "mypy-0.730-py3-none-any.whl", hash = "sha256:e29e24dd6e7f39f200a5bb55dcaa645d38a397dd5a6674f6042ef02df5795046"},
    {file = "mypy-0.730.tar.gz", hash = "sha256:42a78944e80770f21609f504ca6c8173f7768043205b5ac51c9144e057dcf879"},
]
mypy-extensions = [
    {file = "mypy_extensions-0.4.3-py2.py3-none-any.whl", hash = "sha256:090fedd75945a69ae91ce1303b5824f428daf5a028d2f6ab8a299250a846f15d"},
    {file = "mypy_extensions-0.4.3.tar.gz", hash = "sha256:2d82818f5bb3e369420cb3c4060a7970edba416647068eb4c5343488a6c604a8"},
]
packaging = [
    {file = "packaging-19.2-py2.py3-none-any.whl", hash = "sha256:d9551545c6d761f3def1677baf08ab2a3ca17c56879e70fecba2fc4dde4ed108"},
    {file = "packaging-19.2.tar.gz", hash = "sha256:28b924174df7a2fa32c1953825ff29c61e2f5e082343165438812f00d3a7fc47"},
]
pathspec = [
    {file = "pathspec-0.6.0.tar.gz", hash = "sha256:e285ccc8b0785beadd4c18e5708b12bb8fcf529a1e61215b3feff1d1e559ea5c"},
]
pluggy = [
    {file = "pluggy-0.13.1-py2.py3-none-any.whl", hash = "sha256:966c145cd83c96502c3c3868f50408687b38434af77734af1e9ca461a4081d2d"},
    {file = "pluggy-0.13.1.tar.gz", hash = "sha256:15b2acde666561e1298d71b523007ed7364de07029219b604cf808bfa1c765b0"},
]
py = [
    {file = "py-1.8.0-py2.py3-none-any.whl", hash = "sha256:64f65755aee5b381cea27766a3a147c3f15b9b6b9ac88676de66ba2ae36793fa"},
    {file = "py-1.8.0.tar.gz", hash = "sha256:dc639b046a6e2cff5bbe40194ad65936d6ba360b52b3c3fe1d08a82dd50b5e53"},
]
pyparsing = [
    {file = "pyparsing-2.4.5-py2.py3-none-any.whl", hash = "sha256:20f995ecd72f2a1f4bf6b072b63b22e2eb457836601e76d6e5dfcd75436acc1f"},
    {file = "pyparsing-2.4.5.tar.gz", hash = "sha256:4ca62001be367f01bd3e92ecbb79070272a9d4964dce6a48a82ff0b8bc7e683a"},
]
pytest = [
    {file = "pytest-4.6.7-py2.py3-none-any.whl", hash = "sha256:65e92898fb5b61d0a1d7319c3e6dcf97e599e331cfdc2b27f20c0d87ece19239"},
    {file = "pytest-4.6.7.tar.gz", hash = "sha256:9ea149066f566c943d3122f4b1cf1b577cab73189d11f490b54703fa5fa9df50"},
]
pytest-cov = [
    {file = "pytest-cov-2.8.1.tar.gz", hash = "sha256:cc6742d8bac45070217169f5f72ceee1e0e55b0221f54bcf24845972d3a47f2b"},
    {file = "pytest_cov-2.8.1-py2.py3-none-any.whl", hash = "sha256:cdbdef4f870408ebdbfeb44e63e07eb18bb4619fae852f6e760645fa36172626"},
]
pytest-mock = [
    {file = "pytest-mock-1.13.0.tar.gz", hash = "sha256:e24a911ec96773022ebcc7030059b57cd3480b56d4f5d19b7c370ec635e6aed5"},
    {file = "pytest_mock-1.13.0-py2.py3-none-any.whl", hash = "sha256:67e414b3caef7bff6fc6bd83b22b5bc39147e4493f483c2679bc9d4dc485a94d"},
]
regex = [
    {file = "regex-2019.12.19-cp27-cp27m-win32.whl", hash = "sha256:ba449b56fa419fb19bf2a2438adbd2433f27087a6fe115917eaf9cfca684d5b6"},
    {file = "regex-2019.12.19-cp27-cp27m-win_amd64.whl", hash = "sha256:4eeb0fe936797ae00a085f99802642bfc722b3b4ea557e9e7849cb621ea10c91"},
    {file = "regex-2019.12.19-cp36-cp36m-manylinux1_i686.whl", hash = "sha256:47298bc8b89d1c747f0f5974aa528fc0b6b17396f1694136a224d51461279d83"},
    {file = "regex-2019.12.19-cp36-cp36m-manylinux1_x86_64.whl", hash = "sha256:7c5e2efcf079c35ff266c3f3a6708834f88f9fd04a3c16b855e036b2b7b1b543"},
    {file = "regex-2019.12.19-cp36-cp36m-manylinux2010_i686.whl", hash = "sha256:16709434c4e2332ee8ba26ae339aceb8ab0b24b8398ebd0f52ebc943f45c4fc2"},
    {file = "regex-2019.12.19-cp36-cp36m-manylinux2010_x86_64.whl", hash = "sha256:d51311496061863caae2cfe120cf1ef37900019b86c89c2d75f0918e0b4b8bf3"},
    {file = "regex-2019.12.19-cp36-cp36m-win32.whl", hash = "sha256:2404a50fb48badaf214b700f08822b68d93d79200e0aefd9569d0332d21fbfcb"},
    {file = "regex-2019.12.19-cp36-cp36m-win_amd64.whl", hash = "sha256:999a885f7f5194464238ad5d74b05982acee54002f3aa775d8e0e8c5fb74c06c"},
    {file = "regex-2019.12.19-cp37-cp37m-manylinux1_i686.whl", hash = "sha256:223fb63ec8dcab20b3318e93dcec4aee89e98b062934090bf29ffc374d2000a2"},
    {file = "regex-2019.12.19-cp37-cp37m-manylinux1_x86_64.whl", hash = "sha256:d3f632cefad2cf247bd845794002585e3772288bfcb0dbac59fdecd32cd38b67"},
    {file = "regex-2019.12.19-cp37-cp37m-manylinux2010_i686.whl", hash = "sha256:a2e1e53df7dd27943da2b512895125b33fb20f81862c9fed7b3bab2a1de684d1"},
    {file = "regex-2019.12.19-cp37-cp37m-manylinux2010_x86_64.whl", hash = "sha256:ab43bc0836820b7900dfffc025b996784aec26ec87dc1df4f95a40398760223f"},
    {file = "regex-2019.12.19-cp37-cp37m-win32.whl", hash = "sha256:23c3ebf05d1cd3adb26723fd598e75724e0cdb7d6a35185ac0caf061cc6edb49"},
    {file = "regex-2019.12.19-cp37-cp37m-win_amd64.whl", hash = "sha256:37e018d3746baf159aedfc9773c3cafacbd10d354ba15484f5cfc8ed9da5748b"},
    {file = "regex-2019.12.19-cp38-cp38-manylinux1_i686.whl", hash = "sha256:0472acc4b6319801c1bc681d838c88ba1446f9ae199e01f6e41091c701fb3d42"},
    {file = "regex-2019.12.19-cp38-cp38-manylinux1_x86_64.whl", hash = "sha256:2af3a7a16fed6eff85c25da106effa36f61cbbe801d00ade349b53ce7619eb15"},
    {file = "regex-2019.12.19-cp38-cp38-manylinux2010_i686.whl", hash = "sha256:3c9c2988d02a9238a1975c70e87c6ce94e6f36dd8e372b66f468990cfe077434"},
    {file = "regex-2019.12.19-cp38-cp38-manylinux2010_x86_64.whl", hash = "sha256:9fd2f4813eaa3e421e82819d38e5b634d900faff7ae5a80cd89ccff407175e69"},
    {file = "regex-2019.12.19-cp38-cp38-win32.whl", hash = "sha256:7ac08cee5055f548eed3889e9aaef15fd00172d037949496f1f0b34acb8a7c3e"},
    {file = "regex-2019.12.19-cp38-cp38-win_amd64.whl", hash = "sha256:6881be0218b47ed76db033f252bab3f912dfe7ed1fe7baa9daebf51de08546a0"},
    {file = "regex-2019.12.19.tar.gz", hash = "sha256:8355eaa64724a0fdb010a1654b77cb3e375dc08b7f592cc4a1c05ac606aa481c"},
]
six = [
    {file = "six-1.13.0-py2.py3-none-any.whl", hash = "sha256:1f1b7d42e254082a9db6279deae68afb421ceba6158efa6131de7b3003ee93fd"},
    {file = "six-1.13.0.tar.gz", hash = "sha256:30f610279e8b2578cab6db20741130331735c781b56053c59c4076da27f06b66"},
]
toml = [
    {file = "toml-0.10.0-py2.7.egg", hash = "sha256:f1db651f9657708513243e61e6cc67d101a39bad662eaa9b5546f789338e07a3"},
    {file = "toml-0.10.0-py2.py3-none-any.whl", hash = "sha256:235682dd292d5899d361a811df37e04a8828a5b1da3115886b73cf81ebc9100e"},
    {file = "toml-0.10.0.tar.gz", hash = "sha256:229f81c57791a41d65e399fc06bf0848bab550a9dfd5ed66df18ce5f05e73d5c"},
]
typed-ast = [
    {file = "typed_ast-1.4.0-cp35-cp35m-manylinux1_i686.whl", hash = "sha256:262c247a82d005e43b5b7f69aff746370538e176131c32dda9cb0f324d27141e"},
    {file = "typed_ast-1.4.0-cp35-cp35m-manylinux1_x86_64.whl", hash = "sha256:71211d26ffd12d63a83e079ff258ac9d56a1376a25bc80b1cdcdf601b855b90b"},
    {file = "typed_ast-1.4.0-cp35-cp35m-win32.whl", hash = "sha256:630968c5cdee51a11c05a30453f8cd65e0cc1d2ad0d9192819df9978984529f4"},
    {file = "typed_ast-1.4.0-cp35-cp35m-win_amd64.whl", hash = "sha256:ffde2fbfad571af120fcbfbbc61c72469e72f550d676c3342492a9dfdefb8f12"},
    {file = "typed_ast-1.4.0-cp36-cp36m-macosx_10_9_x86_64.whl", hash = "sha256:4e0b70c6fc4d010f8107726af5fd37921b666f5b31d9331f0bd24ad9a088e631"},
    {file = "typed_ast-1.4.0-cp36-cp36m-manylinux1_i686.whl", hash = "sha256:bc6c7d3fa1325a0c6613512a093bc2a2a15aeec350451cbdf9e1d4bffe3e3233"},
    {file = "typed_ast-1.4.0-cp36-cp36m-manylinux1_x86_64.whl", hash = "sha256:cc34a6f5b426748a507dd5d1de4c1978f2eb5626d51326e43280941206c209e1"},
    {file = "typed_ast-1.4.0-cp36-cp36m-win32.whl", hash = "sha256:d896919306dd0aa22d0132f62a1b78d11aaf4c9fc5b3410d3c666b818191630a"},
    {file = "typed_ast-1.4.0-cp36-cp36m-win_amd64.whl", hash = "sha256:354c16e5babd09f5cb0ee000d54cfa38401d8b8891eefa878ac772f827181a3c"},
    {file = "typed_ast-1.4.0-cp37-cp37m-macosx_10_9_x86_64.whl", hash = "sha256:95bd11af7eafc16e829af2d3df510cecfd4387f6453355188342c3e79a2ec87a"},
    {file = "typed_ast-1.4.0-cp37-cp37m-manylinux1_i686.whl", hash = "sha256:18511a0b3e7922276346bcb47e2ef9f38fb90fd31cb9223eed42c85d1312344e"},
    {file = "typed_ast-1.4.0-cp37-cp37m-manylinux1_x86_64.whl", hash = "sha256:d7c45933b1bdfaf9f36c579671fec15d25b06c8398f113dab64c18ed1adda01d"},
    {file = "typed_ast-1.4.0-cp37-cp37m-win32.whl", hash = "sha256:d755f03c1e4a51e9b24d899561fec4ccaf51f210d52abdf8c07ee2849b212a36"},
    {file = "typed_ast-1.4.0-cp37-cp37m-win_amd64.whl", hash = "sha256:2b907eb046d049bcd9892e3076c7a6456c93a25bebfe554e931620c90e6a25b0"},
    {file = "typed_ast-1.4.0-cp38-cp38-macosx_10_9_x86_64.whl", hash = "sha256:fdc1c9bbf79510b76408840e009ed65958feba92a88833cdceecff93ae8fff66"},
    {file = "typed_ast-1.4.0-cp38-cp38-manylinux1_i686.whl", hash = "sha256:7954560051331d003b4e2b3eb822d9dd2e376fa4f6d98fee32f452f52dd6ebb2"},
    {file = "typed_ast-1.4.0-cp38-cp38-manylinux1_x86_64.whl", hash = "sha256:48e5b1e71f25cfdef98b013263a88d7145879fbb2d5185f2a0c79fa7ebbeae47"},
    {file = "typed_ast-1.4.0-cp38-cp38-win32.whl", hash = "sha256:1170afa46a3799e18b4c977777ce137bb53c7485379d9706af8a59f2ea1aa161"},
    {file = "typed_ast-1.4.0-cp38-cp38-win_amd64.whl", hash = "sha256:838997f4310012cf2e1ad3803bce2f3402e9ffb71ded61b5ee22617b3a7f6b6e"},
    {file = "typed_ast-1.4.0.tar.gz", hash = "sha256:66480f95b8167c9c5c5c87f32cf437d585937970f3fc24386f313a4c97b44e34"},
]
typing-extensions = [
    {file = "typing_extensions-3.7.4.1-py2-none-any.whl", hash = "sha256:910f4656f54de5993ad9304959ce9bb903f90aadc7c67a0bef07e678014e892d"},
    {file = "typing_extensions-3.7.4.1-py3-none-any.whl", hash = "sha256:cf8b63fedea4d89bab840ecbb93e75578af28f76f66c35889bd7065f5af88575"},
    {file = "typing_extensions-3.7.4.1.tar.gz", hash = "sha256:091ecc894d5e908ac75209f10d5b4f118fbdb2eb1ede6a63544054bb1edb41f2"},
]
wcwidth = [
    {file = "wcwidth-0.1.7-py2.py3-none-any.whl", hash = "sha256:f4ebe71925af7b40a864553f761ed559b43544f8f71746c2d756c7fe788ade7c"},
    {file = "wcwidth-0.1.7.tar.gz", hash = "sha256:3df37372226d6e63e1b1e1eda15c594bca98a22d33a23832a90998faa96bc65e"},
]
zipp = [
    {file = "zipp-0.6.0-py2.py3-none-any.whl", hash = "sha256:f06903e9f1f43b12d371004b4ac7b06ab39a44adc747266928ae6debfa7b3335"},
    {file = "zipp-0.6.0.tar.gz", hash = "sha256:3718b1cbcd963c7d4c5511a8240812904164b7f381b647143a89d3b98f9bcd8e"},
]
